// !$*UTF8*$!
{
	archiveVersion = 1;
	classes = {
	};
	objectVersion = 50;
	objects = {

/* Begin PBXBuildFile section */
		0E64D4C8252C9DD400D21B26 /* clothingAppApp.swift in Sources */ = {isa = PBXBuildFile; fileRef = 0E64D4C7252C9DD400D21B26 /* clothingAppApp.swift */; };
		0E64D4CA252C9DD400D21B26 /* ContentView.swift in Sources */ = {isa = PBXBuildFile; fileRef = 0E64D4C9252C9DD400D21B26 /* ContentView.swift */; };
		0E64D4CC252C9DD600D21B26 /* Assets.xcassets in Resources */ = {isa = PBXBuildFile; fileRef = 0E64D4CB252C9DD600D21B26 /* Assets.xcassets */; };
		0E64D4CF252C9DD600D21B26 /* Preview Assets.xcassets in Resources */ = {isa = PBXBuildFile; fileRef = 0E64D4CE252C9DD600D21B26 /* Preview Assets.xcassets */; };
		0E64D4DA252C9DD600D21B26 /* clothingAppTests.swift in Sources */ = {isa = PBXBuildFile; fileRef = 0E64D4D9252C9DD600D21B26 /* clothingAppTests.swift */; };
		0E64D4E5252C9DD700D21B26 /* clothingAppUITests.swift in Sources */ = {isa = PBXBuildFile; fileRef = 0E64D4E4252C9DD700D21B26 /* clothingAppUITests.swift */; };
		0E64D4F9252CA23000D21B26 /* Home.swift in Sources */ = {isa = PBXBuildFile; fileRef = 0E64D4F8252CA23000D21B26 /* Home.swift */; };
		0E64D4FE252CA2DF00D21B26 /* TabButton.swift in Sources */ = {isa = PBXBuildFile; fileRef = 0E64D4FD252CA2DF00D21B26 /* TabButton.swift */; };
		0E64D503252CA32600D21B26 /* BagView.swift in Sources */ = {isa = PBXBuildFile; fileRef = 0E64D502252CA32600D21B26 /* BagView.swift */; };
		0E64D508252CA36600D21B26 /* DetailView.swift in Sources */ = {isa = PBXBuildFile; fileRef = 0E64D507252CA36600D21B26 /* DetailView.swift */; };
		0E64D50D252CA41E00D21B26 /* ColorButton.swift in Sources */ = {isa = PBXBuildFile; fileRef = 0E64D50C252CA41E00D21B26 /* ColorButton.swift */; };
		0E64D512252CA44E00D21B26 /* CustomCorner.swift in Sources */ = {isa = PBXBuildFile; fileRef = 0E64D511252CA44E00D21B26 /* CustomCorner.swift */; };
		0E64D517252CA49A00D21B26 /* ModelData.swift in Sources */ = {isa = PBXBuildFile; fileRef = 0E64D516252CA49A00D21B26 /* ModelData.swift */; };
		0E64D530252CB51700D21B26 /* Elements.swift in Sources */ = {isa = PBXBuildFile; fileRef = 0E64D52F252CB51700D21B26 /* Elements.swift */; };
/* End PBXBuildFile section */

/* Begin PBXContainerItemProxy section */
		0E64D4D6252C9DD600D21B26 /* PBXContainerItemProxy */ = {
			isa = PBXContainerItemProxy;
			containerPortal = 0E64D4BC252C9DD400D21B26 /* Project object */;
			proxyType = 1;
			remoteGlobalIDString = 0E64D4C3252C9DD400D21B26;
			remoteInfo = clothingApp;
		};
		0E64D4E1252C9DD700D21B26 /* PBXContainerItemProxy */ = {
			isa = PBXContainerItemProxy;
			containerPortal = 0E64D4BC252C9DD400D21B26 /* Project object */;
			proxyType = 1;
			remoteGlobalIDString = 0E64D4C3252C9DD400D21B26;
			remoteInfo = clothingApp;
		};
/* End PBXContainerItemProxy section */

/* Begin PBXFileReference section */
		0E64D4C4252C9DD400D21B26 /* clothingApp.app */ = {isa = PBXFileReference; explicitFileType = wrapper.application; includeInIndex = 0; path = clothingApp.app; sourceTree = BUILT_PRODUCTS_DIR; };
		0E64D4C7252C9DD400D21B26 /* clothingAppApp.swift */ = {isa = PBXFileReference; lastKnownFileType = sourcecode.swift; path = clothingAppApp.swift; sourceTree = "<group>"; };
		0E64D4C9252C9DD400D21B26 /* ContentView.swift */ = {isa = PBXFileReference; lastKnownFileType = sourcecode.swift; path = ContentView.swift; sourceTree = "<group>"; };
		0E64D4CB252C9DD600D21B26 /* Assets.xcassets */ = {isa = PBXFileReference; lastKnownFileType = folder.assetcatalog; path = Assets.xcassets; sourceTree = "<group>"; };
		0E64D4CE252C9DD600D21B26 /* Preview Assets.xcassets */ = {isa = PBXFileReference; lastKnownFileType = folder.assetcatalog; path = "Preview Assets.xcassets"; sourceTree = "<group>"; };
		0E64D4D0252C9DD600D21B26 /* Info.plist */ = {isa = PBXFileReference; lastKnownFileType = text.plist.xml; path = Info.plist; sourceTree = "<group>"; };
		0E64D4D5252C9DD600D21B26 /* clothingAppTests.xctest */ = {isa = PBXFileReference; explicitFileType = wrapper.cfbundle; includeInIndex = 0; path = clothingAppTests.xctest; sourceTree = BUILT_PRODUCTS_DIR; };
		0E64D4D9252C9DD600D21B26 /* clothingAppTests.swift */ = {isa = PBXFileReference; lastKnownFileType = sourcecode.swift; path = clothingAppTests.swift; sourceTree = "<group>"; };
		0E64D4DB252C9DD700D21B26 /* Info.plist */ = {isa = PBXFileReference; lastKnownFileType = text.plist.xml; path = Info.plist; sourceTree = "<group>"; };
		0E64D4E0252C9DD700D21B26 /* clothingAppUITests.xctest */ = {isa = PBXFileReference; explicitFileType = wrapper.cfbundle; includeInIndex = 0; path = clothingAppUITests.xctest; sourceTree = BUILT_PRODUCTS_DIR; };
		0E64D4E4252C9DD700D21B26 /* clothingAppUITests.swift */ = {isa = PBXFileReference; lastKnownFileType = sourcecode.swift; path = clothingAppUITests.swift; sourceTree = "<group>"; };
		0E64D4E6252C9DD700D21B26 /* Info.plist */ = {isa = PBXFileReference; lastKnownFileType = text.plist.xml; path = Info.plist; sourceTree = "<group>"; };
		0E64D4F8252CA23000D21B26 /* Home.swift */ = {isa = PBXFileReference; lastKnownFileType = sourcecode.swift; path = Home.swift; sourceTree = "<group>"; };
		0E64D4FD252CA2DF00D21B26 /* TabButton.swift */ = {isa = PBXFileReference; lastKnownFileType = sourcecode.swift; path = TabButton.swift; sourceTree = "<group>"; };
		0E64D502252CA32600D21B26 /* BagView.swift */ = {isa = PBXFileReference; lastKnownFileType = sourcecode.swift; path = BagView.swift; sourceTree = "<group>"; };
		0E64D507252CA36600D21B26 /* DetailView.swift */ = {isa = PBXFileReference; lastKnownFileType = sourcecode.swift; path = DetailView.swift; sourceTree = "<group>"; };
		0E64D50C252CA41E00D21B26 /* ColorButton.swift */ = {isa = PBXFileReference; lastKnownFileType = sourcecode.swift; path = ColorButton.swift; sourceTree = "<group>"; };
		0E64D511252CA44E00D21B26 /* CustomCorner.swift */ = {isa = PBXFileReference; lastKnownFileType = sourcecode.swift; path = CustomCorner.swift; sourceTree = "<group>"; };
		0E64D516252CA49A00D21B26 /* ModelData.swift */ = {isa = PBXFileReference; lastKnownFileType = sourcecode.swift; path = ModelData.swift; sourceTree = "<group>"; };
		0E64D52F252CB51700D21B26 /* Elements.swift */ = {isa = PBXFileReference; lastKnownFileType = sourcecode.swift; path = Elements.swift; sourceTree = "<group>"; };
/* End PBXFileReference section */

/* Begin PBXFrameworksBuildPhase section */
		0E64D4C1252C9DD400D21B26 /* Frameworks */ = {
			isa = PBXFrameworksBuildPhase;
			buildActionMask = 2147483647;
			files = (
			);
			runOnlyForDeploymentPostprocessing = 0;
		};
		0E64D4D2252C9DD600D21B26 /* Frameworks */ = {
			isa = PBXFrameworksBuildPhase;
			buildActionMask = 2147483647;
			files = (
			);
			runOnlyForDeploymentPostprocessing = 0;
		};
		0E64D4DD252C9DD700D21B26 /* Frameworks */ = {
			isa = PBXFrameworksBuildPhase;
			buildActionMask = 2147483647;
			files = (
			);
			runOnlyForDeploymentPostprocessing = 0;
		};
/* End PBXFrameworksBuildPhase section */

/* Begin PBXGroup section */
		0E64D4BB252C9DD400D21B26 = {
			isa = PBXGroup;
			children = (
				0E64D4C6252C9DD400D21B26 /* clothingApp */,
				0E64D4D8252C9DD600D21B26 /* clothingAppTests */,
				0E64D4E3252C9DD700D21B26 /* clothingAppUITests */,
				0E64D4C5252C9DD400D21B26 /* Products */,
			);
			sourceTree = "<group>";
		};
		0E64D4C5252C9DD400D21B26 /* Products */ = {
			isa = PBXGroup;
			children = (
				0E64D4C4252C9DD400D21B26 /* clothingApp.app */,
				0E64D4D5252C9DD600D21B26 /* clothingAppTests.xctest */,
				0E64D4E0252C9DD700D21B26 /* clothingAppUITests.xctest */,
			);
			name = Products;
			sourceTree = "<group>";
		};
		0E64D4C6252C9DD400D21B26 /* clothingApp */ = {
			isa = PBXGroup;
			children = (
				0E64D525252CA98D00D21B26 /* Model */,
				0E64D51E252CA51100D21B26 /* View */,
				0E64D4C7252C9DD400D21B26 /* clothingAppApp.swift */,
				0E64D4C9252C9DD400D21B26 /* ContentView.swift */,
				0E64D4CB252C9DD600D21B26 /* Assets.xcassets */,
				0E64D4D0252C9DD600D21B26 /* Info.plist */,
				0E64D4CD252C9DD600D21B26 /* Preview Content */,
			);
			path = clothingApp;
			sourceTree = "<group>";
		};
		0E64D4CD252C9DD600D21B26 /* Preview Content */ = {
			isa = PBXGroup;
			children = (
				0E64D4CE252C9DD600D21B26 /* Preview Assets.xcassets */,
			);
			path = "Preview Content";
			sourceTree = "<group>";
		};
		0E64D4D8252C9DD600D21B26 /* clothingAppTests */ = {
			isa = PBXGroup;
			children = (
				0E64D4D9252C9DD600D21B26 /* clothingAppTests.swift */,
				0E64D4DB252C9DD700D21B26 /* Info.plist */,
			);
			path = clothingAppTests;
			sourceTree = "<group>";
		};
		0E64D4E3252C9DD700D21B26 /* clothingAppUITests */ = {
			isa = PBXGroup;
			children = (
				0E64D4E4252C9DD700D21B26 /* clothingAppUITests.swift */,
				0E64D4E6252C9DD700D21B26 /* Info.plist */,
			);
			path = clothingAppUITests;
			sourceTree = "<group>";
		};
		0E64D51E252CA51100D21B26 /* View */ = {
			isa = PBXGroup;
			children = (
				0E64D511252CA44E00D21B26 /* CustomCorner.swift */,
				0E64D4F8252CA23000D21B26 /* Home.swift */,
				0E64D4FD252CA2DF00D21B26 /* TabButton.swift */,
				0E64D502252CA32600D21B26 /* BagView.swift */,
				0E64D507252CA36600D21B26 /* DetailView.swift */,
				0E64D50C252CA41E00D21B26 /* ColorButton.swift */,
			);
			path = View;
			sourceTree = "<group>";
		};
		0E64D525252CA98D00D21B26 /* Model */ = {
			isa = PBXGroup;
			children = (
				0E64D516252CA49A00D21B26 /* ModelData.swift */,
				0E64D52F252CB51700D21B26 /* Elements.swift */,
			);
			path = Model;
			sourceTree = "<group>";
		};
/* End PBXGroup section */

/* Begin PBXNativeTarget section */
		0E64D4C3252C9DD400D21B26 /* clothingApp */ = {
			isa = PBXNativeTarget;
			buildConfigurationList = 0E64D4E9252C9DD700D21B26 /* Build configuration list for PBXNativeTarget "clothingApp" */;
			buildPhases = (
				0E64D4C0252C9DD400D21B26 /* Sources */,
				0E64D4C1252C9DD400D21B26 /* Frameworks */,
				0E64D4C2252C9DD400D21B26 /* Resources */,
			);
			buildRules = (
			);
			dependencies = (
			);
			name = clothingApp;
			productName = clothingApp;
			productReference = 0E64D4C4252C9DD400D21B26 /* clothingApp.app */;
			productType = "com.apple.product-type.application";
		};
		0E64D4D4252C9DD600D21B26 /* clothingAppTests */ = {
			isa = PBXNativeTarget;
			buildConfigurationList = 0E64D4EC252C9DD700D21B26 /* Build configuration list for PBXNativeTarget "clothingAppTests" */;
			buildPhases = (
				0E64D4D1252C9DD600D21B26 /* Sources */,
				0E64D4D2252C9DD600D21B26 /* Frameworks */,
				0E64D4D3252C9DD600D21B26 /* Resources */,
			);
			buildRules = (
			);
			dependencies = (
				0E64D4D7252C9DD600D21B26 /* PBXTargetDependency */,
			);
			name = clothingAppTests;
			productName = clothingAppTests;
			productReference = 0E64D4D5252C9DD600D21B26 /* clothingAppTests.xctest */;
			productType = "com.apple.product-type.bundle.unit-test";
		};
		0E64D4DF252C9DD700D21B26 /* clothingAppUITests */ = {
			isa = PBXNativeTarget;
			buildConfigurationList = 0E64D4EF252C9DD700D21B26 /* Build configuration list for PBXNativeTarget "clothingAppUITests" */;
			buildPhases = (
				0E64D4DC252C9DD700D21B26 /* Sources */,
				0E64D4DD252C9DD700D21B26 /* Frameworks */,
				0E64D4DE252C9DD700D21B26 /* Resources */,
			);
			buildRules = (
			);
			dependencies = (
				0E64D4E2252C9DD700D21B26 /* PBXTargetDependency */,
			);
			name = clothingAppUITests;
			productName = clothingAppUITests;
			productReference = 0E64D4E0252C9DD700D21B26 /* clothingAppUITests.xctest */;
			productType = "com.apple.product-type.bundle.ui-testing";
		};
/* End PBXNativeTarget section */

/* Begin PBXProject section */
		0E64D4BC252C9DD400D21B26 /* Project object */ = {
			isa = PBXProject;
			attributes = {
				LastSwiftUpdateCheck = 1200;
				LastUpgradeCheck = 1200;
				TargetAttributes = {
					0E64D4C3252C9DD400D21B26 = {
						CreatedOnToolsVersion = 12.0;
					};
					0E64D4D4252C9DD600D21B26 = {
						CreatedOnToolsVersion = 12.0;
						TestTargetID = 0E64D4C3252C9DD400D21B26;
					};
					0E64D4DF252C9DD700D21B26 = {
						CreatedOnToolsVersion = 12.0;
						TestTargetID = 0E64D4C3252C9DD400D21B26;
					};
				};
			};
			buildConfigurationList = 0E64D4BF252C9DD400D21B26 /* Build configuration list for PBXProject "clothingApp" */;
			compatibilityVersion = "Xcode 9.3";
			developmentRegion = en;
			hasScannedForEncodings = 0;
			knownRegions = (
				en,
				Base,
			);
			mainGroup = 0E64D4BB252C9DD400D21B26;
			productRefGroup = 0E64D4C5252C9DD400D21B26 /* Products */;
			projectDirPath = "";
			projectRoot = "";
			targets = (
				0E64D4C3252C9DD400D21B26 /* clothingApp */,
				0E64D4D4252C9DD600D21B26 /* clothingAppTests */,
				0E64D4DF252C9DD700D21B26 /* clothingAppUITests */,
			);
		};
/* End PBXProject section */

/* Begin PBXResourcesBuildPhase section */
		0E64D4C2252C9DD400D21B26 /* Resources */ = {
			isa = PBXResourcesBuildPhase;
			buildActionMask = 2147483647;
			files = (
				0E64D4CF252C9DD600D21B26 /* Preview Assets.xcassets in Resources */,
				0E64D4CC252C9DD600D21B26 /* Assets.xcassets in Resources */,
			);
			runOnlyForDeploymentPostprocessing = 0;
		};
		0E64D4D3252C9DD600D21B26 /* Resources */ = {
			isa = PBXResourcesBuildPhase;
			buildActionMask = 2147483647;
			files = (
			);
			runOnlyForDeploymentPostprocessing = 0;
		};
		0E64D4DE252C9DD700D21B26 /* Resources */ = {
			isa = PBXResourcesBuildPhase;
			buildActionMask = 2147483647;
			files = (
			);
			runOnlyForDeploymentPostprocessing = 0;
		};
/* End PBXResourcesBuildPhase section */

/* Begin PBXSourcesBuildPhase section */
		0E64D4C0252C9DD400D21B26 /* Sources */ = {
			isa = PBXSourcesBuildPhase;
			buildActionMask = 2147483647;
			files = (
				0E64D4F9252CA23000D21B26 /* Home.swift in Sources */,
				0E64D530252CB51700D21B26 /* Elements.swift in Sources */,
				0E64D512252CA44E00D21B26 /* CustomCorner.swift in Sources */,
				0E64D508252CA36600D21B26 /* DetailView.swift in Sources */,
				0E64D4FE252CA2DF00D21B26 /* TabButton.swift in Sources */,
				0E64D50D252CA41E00D21B26 /* ColorButton.swift in Sources */,
				0E64D4CA252C9DD400D21B26 /* ContentView.swift in Sources */,
				0E64D517252CA49A00D21B26 /* ModelData.swift in Sources */,
				0E64D4C8252C9DD400D21B26 /* clothingAppApp.swift in Sources */,
				0E64D503252CA32600D21B26 /* BagView.swift in Sources */,
			);
			runOnlyForDeploymentPostprocessing = 0;
		};
		0E64D4D1252C9DD600D21B26 /* Sources */ = {
			isa = PBXSourcesBuildPhase;
			buildActionMask = 2147483647;
			files = (
				0E64D4DA252C9DD600D21B26 /* clothingAppTests.swift in Sources */,
			);
			runOnlyForDeploymentPostprocessing = 0;
		};
		0E64D4DC252C9DD700D21B26 /* Sources */ = {
			isa = PBXSourcesBuildPhase;
			buildActionMask = 2147483647;
			files = (
				0E64D4E5252C9DD700D21B26 /* clothingAppUITests.swift in Sources */,
			);
			runOnlyForDeploymentPostprocessing = 0;
		};
/* End PBXSourcesBuildPhase section */

/* Begin PBXTargetDependency section */
		0E64D4D7252C9DD600D21B26 /* PBXTargetDependency */ = {
			isa = PBXTargetDependency;
			target = 0E64D4C3252C9DD400D21B26 /* clothingApp */;
			targetProxy = 0E64D4D6252C9DD600D21B26 /* PBXContainerItemProxy */;
		};
		0E64D4E2252C9DD700D21B26 /* PBXTargetDependency */ = {
			isa = PBXTargetDependency;
			target = 0E64D4C3252C9DD400D21B26 /* clothingApp */;
			targetProxy = 0E64D4E1252C9DD700D21B26 /* PBXContainerItemProxy */;
		};
/* End PBXTargetDependency section */

/* Begin XCBuildConfiguration section */
		0E64D4E7252C9DD700D21B26 /* Debug */ = {
			isa = XCBuildConfiguration;
			buildSettings = {
				ALWAYS_SEARCH_USER_PATHS = NO;
				CLANG_ANALYZER_NONNULL = YES;
				CLANG_ANALYZER_NUMBER_OBJECT_CONVERSION = YES_AGGRESSIVE;
				CLANG_CXX_LANGUAGE_STANDARD = "gnu++14";
				CLANG_CXX_LIBRARY = "libc++";
				CLANG_ENABLE_MODULES = YES;
				CLANG_ENABLE_OBJC_ARC = YES;
				CLANG_ENABLE_OBJC_WEAK = YES;
				CLANG_WARN_BLOCK_CAPTURE_AUTORELEASING = YES;
				CLANG_WARN_BOOL_CONVERSION = YES;
				CLANG_WARN_COMMA = YES;
				CLANG_WARN_CONSTANT_CONVERSION = YES;
				CLANG_WARN_DEPRECATED_OBJC_IMPLEMENTATIONS = YES;
				CLANG_WARN_DIRECT_OBJC_ISA_USAGE = YES_ERROR;
				CLANG_WARN_DOCUMENTATION_COMMENTS = YES;
				CLANG_WARN_EMPTY_BODY = YES;
				CLANG_WARN_ENUM_CONVERSION = YES;
				CLANG_WARN_INFINITE_RECURSION = YES;
				CLANG_WARN_INT_CONVERSION = YES;
				CLANG_WARN_NON_LITERAL_NULL_CONVERSION = YES;
				CLANG_WARN_OBJC_IMPLICIT_RETAIN_SELF = YES;
				CLANG_WARN_OBJC_LITERAL_CONVERSION = YES;
				CLANG_WARN_OBJC_ROOT_CLASS = YES_ERROR;
				CLANG_WARN_QUOTED_INCLUDE_IN_FRAMEWORK_HEADER = YES;
				CLANG_WARN_RANGE_LOOP_ANALYSIS = YES;
				CLANG_WARN_STRICT_PROTOTYPES = YES;
				CLANG_WARN_SUSPICIOUS_MOVE = YES;
				CLANG_WARN_UNGUARDED_AVAILABILITY = YES_AGGRESSIVE;
				CLANG_WARN_UNREACHABLE_CODE = YES;
				CLANG_WARN__DUPLICATE_METHOD_MATCH = YES;
				COPY_PHASE_STRIP = NO;
				DEBUG_INFORMATION_FORMAT = dwarf;
				ENABLE_STRICT_OBJC_MSGSEND = YES;
				ENABLE_TESTABILITY = YES;
				GCC_C_LANGUAGE_STANDARD = gnu11;
				GCC_DYNAMIC_NO_PIC = NO;
				GCC_NO_COMMON_BLOCKS = YES;
				GCC_OPTIMIZATION_LEVEL = 0;
				GCC_PREPROCESSOR_DEFINITIONS = (
					"DEBUG=1",
					"$(inherited)",
				);
				GCC_WARN_64_TO_32_BIT_CONVERSION = YES;
				GCC_WARN_ABOUT_RETURN_TYPE = YES_ERROR;
				GCC_WARN_UNDECLARED_SELECTOR = YES;
				GCC_WARN_UNINITIALIZED_AUTOS = YES_AGGRESSIVE;
				GCC_WARN_UNUSED_FUNCTION = YES;
				GCC_WARN_UNUSED_VARIABLE = YES;
				IPHONEOS_DEPLOYMENT_TARGET = 14.0;
				MTL_ENABLE_DEBUG_INFO = INCLUDE_SOURCE;
				MTL_FAST_MATH = YES;
				ONLY_ACTIVE_ARCH = YES;
				SDKROOT = iphoneos;
				SWIFT_ACTIVE_COMPILATION_CONDITIONS = DEBUG;
				SWIFT_OPTIMIZATION_LEVEL = "-Onone";
			};
			name = Debug;
		};
		0E64D4E8252C9DD700D21B26 /* Release */ = {
			isa = XCBuildConfiguration;
			buildSettings = {
				ALWAYS_SEARCH_USER_PATHS = NO;
				CLANG_ANALYZER_NONNULL = YES;
				CLANG_ANALYZER_NUMBER_OBJECT_CONVERSION = YES_AGGRESSIVE;
				CLANG_CXX_LANGUAGE_STANDARD = "gnu++14";
				CLANG_CXX_LIBRARY = "libc++";
				CLANG_ENABLE_MODULES = YES;
				CLANG_ENABLE_OBJC_ARC = YES;
				CLANG_ENABLE_OBJC_WEAK = YES;
				CLANG_WARN_BLOCK_CAPTURE_AUTORELEASING = YES;
				CLANG_WARN_BOOL_CONVERSION = YES;
				CLANG_WARN_COMMA = YES;
				CLANG_WARN_CONSTANT_CONVERSION = YES;
				CLANG_WARN_DEPRECATED_OBJC_IMPLEMENTATIONS = YES;
				CLANG_WARN_DIRECT_OBJC_ISA_USAGE = YES_ERROR;
				CLANG_WARN_DOCUMENTATION_COMMENTS = YES;
				CLANG_WARN_EMPTY_BODY = YES;
				CLANG_WARN_ENUM_CONVERSION = YES;
				CLANG_WARN_INFINITE_RECURSION = YES;
				CLANG_WARN_INT_CONVERSION = YES;
				CLANG_WARN_NON_LITERAL_NULL_CONVERSION = YES;
				CLANG_WARN_OBJC_IMPLICIT_RETAIN_SELF = YES;
				CLANG_WARN_OBJC_LITERAL_CONVERSION = YES;
				CLANG_WARN_OBJC_ROOT_CLASS = YES_ERROR;
				CLANG_WARN_QUOTED_INCLUDE_IN_FRAMEWORK_HEADER = YES;
				CLANG_WARN_RANGE_LOOP_ANALYSIS = YES;
				CLANG_WARN_STRICT_PROTOTYPES = YES;
				CLANG_WARN_SUSPICIOUS_MOVE = YES;
				CLANG_WARN_UNGUARDED_AVAILABILITY = YES_AGGRESSIVE;
				CLANG_WARN_UNREACHABLE_CODE = YES;
				CLANG_WARN__DUPLICATE_METHOD_MATCH = YES;
				COPY_PHASE_STRIP = NO;
				DEBUG_INFORMATION_FORMAT = "dwarf-with-dsym";
				ENABLE_NS_ASSERTIONS = NO;
				ENABLE_STRICT_OBJC_MSGSEND = YES;
				GCC_C_LANGUAGE_STANDARD = gnu11;
				GCC_NO_COMMON_BLOCKS = YES;
				GCC_WARN_64_TO_32_BIT_CONVERSION = YES;
				GCC_WARN_ABOUT_RETURN_TYPE = YES_ERROR;
				GCC_WARN_UNDECLARED_SELECTOR = YES;
				GCC_WARN_UNINITIALIZED_AUTOS = YES_AGGRESSIVE;
				GCC_WARN_UNUSED_FUNCTION = YES;
				GCC_WARN_UNUSED_VARIABLE = YES;
				IPHONEOS_DEPLOYMENT_TARGET = 14.0;
				MTL_ENABLE_DEBUG_INFO = NO;
				MTL_FAST_MATH = YES;
				SDKROOT = iphoneos;
				SWIFT_COMPILATION_MODE = wholemodule;
				SWIFT_OPTIMIZATION_LEVEL = "-O";
				VALIDATE_PRODUCT = YES;
			};
			name = Release;
		};
		0E64D4EA252C9DD700D21B26 /* Debug */ = {
			isa = XCBuildConfiguration;
			buildSettings = {
				ASSETCATALOG_COMPILER_APPICON_NAME = AppIcon;
				ASSETCATALOG_COMPILER_GLOBAL_ACCENT_COLOR_NAME = AccentColor;
				CODE_SIGN_STYLE = Automatic;
				DEVELOPMENT_ASSET_PATHS = "\"clothingApp/Preview Content\"";
				ENABLE_PREVIEWS = YES;
				INFOPLIST_FILE = clothingApp/Info.plist;
				IPHONEOS_DEPLOYMENT_TARGET = 14.0;
				LD_RUNPATH_SEARCH_PATHS = (
					"$(inherited)",
					"@executable_path/Frameworks",
				);
				PRODUCT_BUNDLE_IDENTIFIER = com.gmataDeveloper.clothingApp;
				PRODUCT_NAME = "$(TARGET_NAME)";
				SWIFT_VERSION = 5.0;
				TARGETED_DEVICE_FAMILY = "1,2";
			};
			name = Debug;
		};
		0E64D4EB252C9DD700D21B26 /* Release */ = {
			isa = XCBuildConfiguration;
			buildSettings = {
				ASSETCATALOG_COMPILER_APPICON_NAME = AppIcon;
				ASSETCATALOG_COMPILER_GLOBAL_ACCENT_COLOR_NAME = AccentColor;
				CODE_SIGN_STYLE = Automatic;
				DEVELOPMENT_ASSET_PATHS = "\"clothingApp/Preview Content\"";
				ENABLE_PREVIEWS = YES;
				INFOPLIST_FILE = clothingApp/Info.plist;
				IPHONEOS_DEPLOYMENT_TARGET = 14.0;
				LD_RUNPATH_SEARCH_PATHS = (
					"$(inherited)",
					"@executable_path/Frameworks",
				);
				PRODUCT_BUNDLE_IDENTIFIER = com.gmataDeveloper.clothingApp;
				PRODUCT_NAME = "$(TARGET_NAME)";
				SWIFT_VERSION = 5.0;
				TARGETED_DEVICE_FAMILY = "1,2";
			};
			name = Release;
		};
		0E64D4ED252C9DD700D21B26 /* Debug */ = {
			isa = XCBuildConfiguration;
			buildSettings = {
				ALWAYS_EMBED_SWIFT_STANDARD_LIBRARIES = YES;
				BUNDLE_LOADER = "$(TEST_HOST)";
				CODE_SIGN_STYLE = Automatic;
				INFOPLIST_FILE = clothingAppTests/Info.plist;
				IPHONEOS_DEPLOYMENT_TARGET = 14.0;
				LD_RUNPATH_SEARCH_PATHS = (
					"$(inherited)",
					"@executable_path/Frameworks",
					"@loader_path/Frameworks",
				);
				PRODUCT_BUNDLE_IDENTIFIER = com.gmataDeveloper.clothingAppTests;
				PRODUCT_NAME = "$(TARGET_NAME)";
				SWIFT_VERSION = 5.0;
				TARGETED_DEVICE_FAMILY = "1,2";
				TEST_HOST = "$(BUILT_PRODUCTS_DIR)/clothingApp.app/clothingApp";
			};
			name = Debug;
		};
		0E64D4EE252C9DD700D21B26 /* Release */ = {
			isa = XCBuildConfiguration;
			buildSettings = {
				ALWAYS_EMBED_SWIFT_STANDARD_LIBRARIES = YES;
				BUNDLE_LOADER = "$(TEST_HOST)";
				CODE_SIGN_STYLE = Automatic;
				INFOPLIST_FILE = clothingAppTests/Info.plist;
				IPHONEOS_DEPLOYMENT_TARGET = 14.0;
				LD_RUNPATH_SEARCH_PATHS = (
					"$(inherited)",
					"@executable_path/Frameworks",
					"@loader_path/Frameworks",
				);
				PRODUCT_BUNDLE_IDENTIFIER = com.gmataDeveloper.clothingAppTests;
				PRODUCT_NAME = "$(TARGET_NAME)";
				SWIFT_VERSION = 5.0;
				TARGETED_DEVICE_FAMILY = "1,2";
				TEST_HOST = "$(BUILT_PRODUCTS_DIR)/clothingApp.app/clothingApp";
			};
			name = Release;
		};
		0E64D4F0252C9DD700D21B26 /* Debug */ = {
			isa = XCBuildConfiguration;
			buildSettings = {
				ALWAYS_EMBED_SWIFT_STANDARD_LIBRARIES = YES;
				CODE_SIGN_STYLE = Automatic;
				INFOPLIST_FILE = clothingAppUITests/Info.plist;
				LD_RUNPATH_SEARCH_PATHS = (
					"$(inherited)",
					"@executable_path/Frameworks",
					"@loader_path/Frameworks",
				);
				PRODUCT_BUNDLE_IDENTIFIER = com.gmataDeveloper.clothingAppUITests;
				PRODUCT_NAME = "$(TARGET_NAME)";
				SWIFT_VERSION = 5.0;
				TARGETED_DEVICE_FAMILY = "1,2";
				TEST_TARGET_NAME = clothingApp;
			};
			name = Debug;
		};
		0E64D4F1252C9DD700D21B26 /* Release */ = {
			isa = XCBuildConfiguration;
			buildSettings = {
				ALWAYS_EMBED_SWIFT_STANDARD_LIBRARIES = YES;
				CODE_SIGN_STYLE = Automatic;
				INFOPLIST_FILE = clothingAppUITests/Info.plist;
				LD_RUNPATH_SEARCH_PATHS = (
					"$(inherited)",
					"@executable_path/Frameworks",
					"@loader_path/Frameworks",
				);
				PRODUCT_BUNDLE_IDENTIFIER = com.gmataDeveloper.clothingAppUITests;
				PRODUCT_NAME = "$(TARGET_NAME)";
				SWIFT_VERSION = 5.0;
				TARGETED_DEVICE_FAMILY = "1,2";
				TEST_TARGET_NAME = clothingApp;
			};
			name = Release;
		};
/* End XCBuildConfiguration section */

/* Begin XCConfigurationList section */
		0E64D4BF252C9DD400D21B26 /* Build configuration list for PBXProject "clothingApp" */ = {
			isa = XCConfigurationList;
			buildConfigurations = (
				0E64D4E7252C9DD700D21B26 /* Debug */,
				0E64D4E8252C9DD700D21B26 /* Release */,
			);
			defaultConfigurationIsVisible = 0;
			defaultConfigurationName = Release;
		};
		0E64D4E9252C9DD700D21B26 /* Build configuration list for PBXNativeTarget "clothingApp" */ = {
			isa = XCConfigurationList;
			buildConfigurations = (
				0E64D4EA252C9DD700D21B26 /* Debug */,
				0E64D4EB252C9DD700D21B26 /* Release */,
			);
			defaultConfigurationIsVisible = 0;
			defaultConfigurationName = Release;
		};
		0E64D4EC252C9DD700D21B26 /* Build configuration list for PBXNativeTarget "clothingAppTests" */ = {
			isa = XCConfigurationList;
			buildConfigurations = (
				0E64D4ED252C9DD700D21B26 /* Debug */,
				0E64D4EE252C9DD700D21B26 /* Release */,
			);
			defaultConfigurationIsVisible = 0;
			defaultConfigurationName = Release;
		};
		0E64D4EF252C9DD700D21B26 /* Build configuration list for PBXNativeTarget "clothingAppUITests" */ = {
			isa = XCConfigurationList;
			buildConfigurations = (
				0E64D4F0252C9DD700D21B26 /* Debug */,
				0E64D4F1252C9DD700D21B26 /* Release */,
			);
			defaultConfigurationIsVisible = 0;
			defaultConfigurationName = Release;
		};
/* End XCConfigurationList section */
	};
	rootObject = 0E64D4BC252C9DD400D21B26 /* Project object */;
}
